
Microsoft Visual Studio Solution File, Format Version 12.00
# Visual Studio Version 17
VisualStudioVersion = 17.5.33516.290
MinimumVisualStudioVersion = 10.0.40219.1
Project("{F184B08F-C81C-45F6-A57F-5ABD9991F28F}") = "frmLogin", "Mylogin\frmLogin.vbproj", "{B0D904E2-6448-4DE4-A75E-E9E5FCE6C903}"
EndProject
Global
	GlobalSection(SolutionConfigurationPlatforms) = preSolution
		Debug|Any CPU = Debug|Any CPU
		Release|Any CPU = Release|Any CPU
	EndGlobalSection
	GlobalSection(ProjectConfigurationPlatforms) = postSolution
		{B0D904E2-6448-4DE4-A75E-E9E5FCE6C903}.Debug|Any CPU.ActiveCfg = Debug|Any CPU
		{B0D904E2-6448-4DE4-A75E-E9E5FCE6C903}.Debug|Any CPU.Build.0 = Debug|Any CPU
		{B0D904E2-6448-4DE4-A75E-E9E5FCE6C903}.Release|Any CPU.ActiveCfg = Release|Any CPU
		{B0D904E2-6448-4DE4-A75E-E9E5FCE6C903}.Release|Any CPU.Build.0 = Release|Any CPU
	EndGlobalSection
	GlobalSection(SolutionProperties) = preSolution
		HideSolutionNode = FALSE
	EndGlobalSection
	GlobalSection(ExtensibilityGlobals) = postSolution
		SolutionGuid = {4173C65D-5BD1-4887-8691-AA84C7EA02D5}
	EndGlobalSection
EndGlobal
